{
  "nodes": {
    "flake-utils": {
      "locked": {
        "lastModified": 1644229661,
        "narHash": "sha256-1YdnJAsNy69bpcjuoKdOYQX0YxZBiCYZo4Twxerqv7k=",
        "owner": "numtide",
        "repo": "flake-utils",
        "rev": "3cecb5b042f7f209c56ffd8371b2711a290ec797",
        "type": "github"
      },
      "original": {
        "owner": "numtide",
        "repo": "flake-utils",
        "type": "github"
      }
    },
    "home-manager": {
      "inputs": {
        "nixpkgs": [
          "nixpkgs"
        ]
      },
      "locked": {
        "lastModified": 1655880690,
        "narHash": "sha256-pO+EqUefNFolIWV1DHXPfI8NuUtD4fd7JFKoaCjVXOs=",
        "owner": "nix-community",
        "repo": "home-manager",
        "rev": "a839432a5c3d2a762d68168093349097e6affb07",
        "type": "github"
      },
      "original": {
        "owner": "nix-community",
        "ref": "release-22.05",
        "repo": "home-manager",
        "type": "github"
      }
    },
    "mayniklas": {
      "inputs": {
        "flake-utils": "flake-utils",
        "home-manager": [
          "home-manager"
        ],
        "nixpkgs": [
          "nixpkgs"
        ],
        "nixpkgs-unstable": [
          "nixpkgs-unstable"
        ]
      },
      "locked": {
        "lastModified": 1648218813,
        "narHash": "sha256-bHIq3/4blygG+cUzY+EOb41EjusZKnbe5UUpPVOjawU=",
        "owner": "mayniklas",
        "repo": "nixos",
        "rev": "36fd97f0c370e6e17b8a94dc1b39980b34b2af52",
        "type": "github"
      },
      "original": {
        "owner": "mayniklas",
        "repo": "nixos",
        "type": "github"
      }
    },
    "nixpkgs": {
      "locked": {
        "lastModified": 1656007306,
        "narHash": "sha256-MsC44YZ6wuBwn5Bu8T+RVoQWlp2l5BR6hhmNoAAHIEw=",
        "owner": "nixos",
        "repo": "nixpkgs",
        "rev": "ccf8bdf72624521358be6bb7d9b524c4cbcf7aff",
        "type": "github"
      },
      "original": {
        "owner": "nixos",
        "ref": "nixos-22.05",
        "repo": "nixpkgs",
        "type": "github"
      }
    },
    "nixpkgs-unstable": {
      "locked": {
        "lastModified": 1655983783,
        "narHash": "sha256-0h1FzkYWei24IdKNpCX93onkF/FMiXQG8SdEbTc0r8A=",
        "owner": "nixos",
        "repo": "nixpkgs",
        "rev": "6141b8932a5cf376fe18fcd368cecd9ad946cb68",
        "type": "github"
      },
      "original": {
        "owner": "nixos",
        "ref": "nixos-unstable",
        "repo": "nixpkgs",
        "type": "github"
      }
    },
    "root": {
      "inputs": {
        "home-manager": "home-manager",
        "mayniklas": "mayniklas",
        "nixpkgs": "nixpkgs",
        "nixpkgs-unstable": "nixpkgs-unstable"
      }
    }
  },
  "root": "root",
  "version": 7
}
