{
  "nodes": {
    "flake-utils": {
      "locked": {
        "lastModified": 1623875721,
        "narHash": "sha256-A8BU7bjS5GirpAUv4QA+QnJ4CceLHkcXdRp4xITDB0s=",
        "owner": "numtide",
        "repo": "flake-utils",
        "rev": "f7e004a55b120c02ecb6219596820fcd32ca8772",
        "type": "github"
      },
      "original": {
        "owner": "numtide",
        "repo": "flake-utils",
        "type": "github"
      }
    },
    "home-manager": {
      "inputs": {
        "nixpkgs": [
          "nixpkgs"
        ]
      },
      "locked": {
        "lastModified": 1629604291,
        "narHash": "sha256-aeZjd2MQ4eWRla1Ro+8c2gNJc8Dzz8HBlkDGQWiR2tQ=",
        "owner": "nix-community",
        "repo": "home-manager",
        "rev": "9f2b766d0f46fcc87881531e6a86eba514b8260d",
        "type": "github"
      },
      "original": {
        "owner": "nix-community",
        "ref": "release-21.05",
        "repo": "home-manager",
        "type": "github"
      }
    },
    "mayniklas": {
      "inputs": {
        "flake-utils": "flake-utils",
        "home-manager": [
          "home-manager"
        ],
        "nixpkgs": [
          "nixpkgs"
        ],
        "nixpkgs-unstable": "nixpkgs-unstable"
      },
      "locked": {
        "lastModified": 1629897424,
        "narHash": "sha256-7AgCtWPtzGs2Lcfm0vLpVQT7tZTIparKzGhG1NIq64w=",
        "owner": "mayniklas",
        "repo": "nixos",
        "rev": "7ec2874ccd691fb519a85f7513b583af0e7a3fc8",
        "type": "github"
      },
      "original": {
        "owner": "mayniklas",
        "repo": "nixos",
        "type": "github"
      }
    },
    "nixpkgs": {
      "locked": {
        "lastModified": 1629880082,
        "narHash": "sha256-RlQUhZ89btTIINW7xJ4GgX9QE83HhySkliaguz5xUus=",
        "owner": "nixos",
        "repo": "nixpkgs",
        "rev": "bc1a0f56812a26018d19aa6501a8eb1aa3edb6ed",
        "type": "github"
      },
      "original": {
        "owner": "nixos",
        "ref": "nixos-21.05",
        "repo": "nixpkgs",
        "type": "github"
      }
    },
    "nixpkgs-unstable": {
      "locked": {
        "lastModified": 1629048390,
        "narHash": "sha256-do7HuXFSKyj4ulMlRvGigNZCqOaGD9i0M3OLkFQgEAc=",
        "owner": "nixos",
        "repo": "nixpkgs",
        "rev": "e41ba38114055832e5ba4a851e9c00149eef3e4a",
        "type": "github"
      },
      "original": {
        "owner": "nixos",
        "ref": "nixos-unstable",
        "repo": "nixpkgs",
        "type": "github"
      }
    },
    "root": {
      "inputs": {
        "home-manager": "home-manager",
        "mayniklas": "mayniklas",
        "nixpkgs": "nixpkgs"
      }
    }
  },
  "root": "root",
  "version": 7
}
